// !$*UTF8*$!
{
	archiveVersion = 1;
	classes = {
	};
	objectVersion = 50;
	objects = {

/* Begin PBXBuildFile section */
		528F492025BC4F2D0047F12A /* AppDelegate.swift in Sources */ = {isa = PBXBuildFile; fileRef = 528F491F25BC4F2D0047F12A /* AppDelegate.swift */; };
		528F492225BC4F2D0047F12A /* SceneDelegate.swift in Sources */ = {isa = PBXBuildFile; fileRef = 528F492125BC4F2D0047F12A /* SceneDelegate.swift */; };
		528F492425BC4F2D0047F12A /* ViewController.swift in Sources */ = {isa = PBXBuildFile; fileRef = 528F492325BC4F2D0047F12A /* ViewController.swift */; };
		528F492725BC4F2D0047F12A /* Main.storyboard in Resources */ = {isa = PBXBuildFile; fileRef = 528F492525BC4F2D0047F12A /* Main.storyboard */; };
		528F492925BC4F2F0047F12A /* Assets.xcassets in Resources */ = {isa = PBXBuildFile; fileRef = 528F492825BC4F2F0047F12A /* Assets.xcassets */; };
		528F492C25BC4F2F0047F12A /* LaunchScreen.storyboard in Resources */ = {isa = PBXBuildFile; fileRef = 528F492A25BC4F2F0047F12A /* LaunchScreen.storyboard */; };
		528F493425BC545A0047F12A /* NamehyouziViewController.swift in Sources */ = {isa = PBXBuildFile; fileRef = 528F493325BC545A0047F12A /* NamehyouziViewController.swift */; };
/* End PBXBuildFile section */

/* Begin PBXFileReference section */
		528F491C25BC4F2D0047F12A /* SecondKadaiApp1.app */ = {isa = PBXFileReference; explicitFileType = wrapper.application; includeInIndex = 0; path = SecondKadaiApp1.app; sourceTree = BUILT_PRODUCTS_DIR; };
		528F491F25BC4F2D0047F12A /* AppDelegate.swift */ = {isa = PBXFileReference; lastKnownFileType = sourcecode.swift; path = AppDelegate.swift; sourceTree = "<group>"; };
		528F492125BC4F2D0047F12A /* SceneDelegate.swift */ = {isa = PBXFileReference; lastKnownFileType = sourcecode.swift; path = SceneDelegate.swift; sourceTree = "<group>"; };
		528F492325BC4F2D0047F12A /* ViewController.swift */ = {isa = PBXFileReference; lastKnownFileType = sourcecode.swift; path = ViewController.swift; sourceTree = "<group>"; };
		528F492625BC4F2D0047F12A /* Base */ = {isa = PBXFileReference; lastKnownFileType = file.storyboard; name = Base; path = Base.lproj/Main.storyboard; sourceTree = "<group>"; };
		528F492825BC4F2F0047F12A /* Assets.xcassets */ = {isa = PBXFileReference; lastKnownFileType = folder.assetcatalog; path = Assets.xcassets; sourceTree = "<group>"; };
		528F492B25BC4F2F0047F12A /* Base */ = {isa = PBXFileReference; lastKnownFileType = file.storyboard; name = Base; path = Base.lproj/LaunchScreen.storyboard; sourceTree = "<group>"; };
		528F492D25BC4F2F0047F12A /* Info.plist */ = {isa = PBXFileReference; lastKnownFileType = text.plist.xml; path = Info.plist; sourceTree = "<group>"; };
		528F493325BC545A0047F12A /* NamehyouziViewController.swift */ = {isa = PBXFileReference; lastKnownFileType = sourcecode.swift; path = NamehyouziViewController.swift; sourceTree = "<group>"; };
/* End PBXFileReference section */

/* Begin PBXFrameworksBuildPhase section */
		528F491925BC4F2D0047F12A /* Frameworks */ = {
			isa = PBXFrameworksBuildPhase;
			buildActionMask = 2147483647;
			files = (
			);
			runOnlyForDeploymentPostprocessing = 0;
		};
/* End PBXFrameworksBuildPhase section */

/* Begin PBXGroup section */
		528F491325BC4F2D0047F12A = {
			isa = PBXGroup;
			children = (
				528F491E25BC4F2D0047F12A /* SecondKadaiApp1 */,
				528F491D25BC4F2D0047F12A /* Products */,
			);
			sourceTree = "<group>";
		};
		528F491D25BC4F2D0047F12A /* Products */ = {
			isa = PBXGroup;
			children = (
				528F491C25BC4F2D0047F12A /* SecondKadaiApp1.app */,
			);
			name = Products;
			sourceTree = "<group>";
		};
		528F491E25BC4F2D0047F12A /* SecondKadaiApp1 */ = {
			isa = PBXGroup;
			children = (
				528F491F25BC4F2D0047F12A /* AppDelegate.swift */,
				528F492125BC4F2D0047F12A /* SceneDelegate.swift */,
				528F492325BC4F2D0047F12A /* ViewController.swift */,
				528F493325BC545A0047F12A /* NamehyouziViewController.swift */,
				528F492525BC4F2D0047F12A /* Main.storyboard */,
				528F492825BC4F2F0047F12A /* Assets.xcassets */,
				528F492A25BC4F2F0047F12A /* LaunchScreen.storyboard */,
				528F492D25BC4F2F0047F12A /* Info.plist */,
			);
			path = SecondKadaiApp1;
			sourceTree = "<group>";
		};
/* End PBXGroup section */

/* Begin PBXNativeTarget section */
		528F491B25BC4F2D0047F12A /* SecondKadaiApp1 */ = {
			isa = PBXNativeTarget;
			buildConfigurationList = 528F493025BC4F2F0047F12A /* Build configuration list for PBXNativeTarget "SecondKadaiApp1" */;
			buildPhases = (
				528F491825BC4F2D0047F12A /* Sources */,
				528F491925BC4F2D0047F12A /* Frameworks */,
				528F491A25BC4F2D0047F12A /* Resources */,
			);
			buildRules = (
			);
			dependencies = (
			);
			name = SecondKadaiApp1;
			productName = SecondKadaiApp1;
			productReference = 528F491C25BC4F2D0047F12A /* SecondKadaiApp1.app */;
			productType = "com.apple.product-type.application";
		};
/* End PBXNativeTarget section */

/* Begin PBXProject section */
		528F491425BC4F2D0047F12A /* Project object */ = {
			isa = PBXProject;
			attributes = {
				LastSwiftUpdateCheck = 1150;
				LastUpgradeCheck = 1150;
				ORGANIZATIONNAME = "松橋拓哉";
				TargetAttributes = {
					528F491B25BC4F2D0047F12A = {
						CreatedOnToolsVersion = 11.5;
					};
				};
			};
			buildConfigurationList = 528F491725BC4F2D0047F12A /* Build configuration list for PBXProject "SecondKadaiApp1" */;
			compatibilityVersion = "Xcode 9.3";
			developmentRegion = en;
			hasScannedForEncodings = 0;
			knownRegions = (
				en,
				Base,
			);
			mainGroup = 528F491325BC4F2D0047F12A;
			productRefGroup = 528F491D25BC4F2D0047F12A /* Products */;
			projectDirPath = "";
			projectRoot = "";
			targets = (
				528F491B25BC4F2D0047F12A /* SecondKadaiApp1 */,
			);
		};
/* End PBXProject section */

/* Begin PBXResourcesBuildPhase section */
		528F491A25BC4F2D0047F12A /* Resources */ = {
			isa = PBXResourcesBuildPhase;
			buildActionMask = 2147483647;
			files = (
				528F492C25BC4F2F0047F12A /* LaunchScreen.storyboard in Resources */,
				528F492925BC4F2F0047F12A /* Assets.xcassets in Resources */,
				528F492725BC4F2D0047F12A /* Main.storyboard in Resources */,
			);
			runOnlyForDeploymentPostprocessing = 0;
		};
/* End PBXResourcesBuildPhase section */

/* Begin PBXSourcesBuildPhase section */
		528F491825BC4F2D0047F12A /* Sources */ = {
			isa = PBXSourcesBuildPhase;
			buildActionMask = 2147483647;
			files = (
				528F492425BC4F2D0047F12A /* ViewController.swift in Sources */,
				528F493425BC545A0047F12A /* NamehyouziViewController.swift in Sources */,
				528F492025BC4F2D0047F12A /* AppDelegate.swift in Sources */,
				528F492225BC4F2D0047F12A /* SceneDelegate.swift in Sources */,
			);
			runOnlyForDeploymentPostprocessing = 0;
		};
/* End PBXSourcesBuildPhase section */

/* Begin PBXVariantGroup section */
		528F492525BC4F2D0047F12A /* Main.storyboard */ = {
			isa = PBXVariantGroup;
			children = (
				528F492625BC4F2D0047F12A /* Base */,
			);
			name = Main.storyboard;
			sourceTree = "<group>";
		};
		528F492A25BC4F2F0047F12A /* LaunchScreen.storyboard */ = {
			isa = PBXVariantGroup;
			children = (
				528F492B25BC4F2F0047F12A /* Base */,
			);
			name = LaunchScreen.storyboard;
			sourceTree = "<group>";
		};
/* End PBXVariantGroup section */

/* Begin XCBuildConfiguration section */
		528F492E25BC4F2F0047F12A /* Debug */ = {
			isa = XCBuildConfiguration;
			buildSettings = {
				ALWAYS_SEARCH_USER_PATHS = NO;
				CLANG_ANALYZER_NONNULL = YES;
				CLANG_ANALYZER_NUMBER_OBJECT_CONVERSION = YES_AGGRESSIVE;
				CLANG_CXX_LANGUAGE_STANDARD = "gnu++14";
				CLANG_CXX_LIBRARY = "libc++";
				CLANG_ENABLE_MODULES = YES;
				CLANG_ENABLE_OBJC_ARC = YES;
				CLANG_ENABLE_OBJC_WEAK = YES;
				CLANG_WARN_BLOCK_CAPTURE_AUTORELEASING = YES;
				CLANG_WARN_BOOL_CONVERSION = YES;
				CLANG_WARN_COMMA = YES;
				CLANG_WARN_CONSTANT_CONVERSION = YES;
				CLANG_WARN_DEPRECATED_OBJC_IMPLEMENTATIONS = YES;
				CLANG_WARN_DIRECT_OBJC_ISA_USAGE = YES_ERROR;
				CLANG_WARN_DOCUMENTATION_COMMENTS = YES;
				CLANG_WARN_EMPTY_BODY = YES;
				CLANG_WARN_ENUM_CONVERSION = YES;
				CLANG_WARN_INFINITE_RECURSION = YES;
				CLANG_WARN_INT_CONVERSION = YES;
				CLANG_WARN_NON_LITERAL_NULL_CONVERSION = YES;
				CLANG_WARN_OBJC_IMPLICIT_RETAIN_SELF = YES;
				CLANG_WARN_OBJC_LITERAL_CONVERSION = YES;
				CLANG_WARN_OBJC_ROOT_CLASS = YES_ERROR;
				CLANG_WARN_RANGE_LOOP_ANALYSIS = YES;
				CLANG_WARN_STRICT_PROTOTYPES = YES;
				CLANG_WARN_SUSPICIOUS_MOVE = YES;
				CLANG_WARN_UNGUARDED_AVAILABILITY = YES_AGGRESSIVE;
				CLANG_WARN_UNREACHABLE_CODE = YES;
				CLANG_WARN__DUPLICATE_METHOD_MATCH = YES;
				COPY_PHASE_STRIP = NO;
				DEBUG_INFORMATION_FORMAT = dwarf;
				ENABLE_STRICT_OBJC_MSGSEND = YES;
				ENABLE_TESTABILITY = YES;
				GCC_C_LANGUAGE_STANDARD = gnu11;
				GCC_DYNAMIC_NO_PIC = NO;
				GCC_NO_COMMON_BLOCKS = YES;
				GCC_OPTIMIZATION_LEVEL = 0;
				GCC_PREPROCESSOR_DEFINITIONS = (
					"DEBUG=1",
					"$(inherited)",
				);
				GCC_WARN_64_TO_32_BIT_CONVERSION = YES;
				GCC_WARN_ABOUT_RETURN_TYPE = YES_ERROR;
				GCC_WARN_UNDECLARED_SELECTOR = YES;
				GCC_WARN_UNINITIALIZED_AUTOS = YES_AGGRESSIVE;
				GCC_WARN_UNUSED_FUNCTION = YES;
				GCC_WARN_UNUSED_VARIABLE = YES;
				IPHONEOS_DEPLOYMENT_TARGET = 13.5;
				MTL_ENABLE_DEBUG_INFO = INCLUDE_SOURCE;
				MTL_FAST_MATH = YES;
				ONLY_ACTIVE_ARCH = YES;
				SDKROOT = iphoneos;
				SWIFT_ACTIVE_COMPILATION_CONDITIONS = DEBUG;
				SWIFT_OPTIMIZATION_LEVEL = "-Onone";
			};
			name = Debug;
		};
		528F492F25BC4F2F0047F12A /* Release */ = {
			isa = XCBuildConfiguration;
			buildSettings = {
				ALWAYS_SEARCH_USER_PATHS = NO;
				CLANG_ANALYZER_NONNULL = YES;
				CLANG_ANALYZER_NUMBER_OBJECT_CONVERSION = YES_AGGRESSIVE;
				CLANG_CXX_LANGUAGE_STANDARD = "gnu++14";
				CLANG_CXX_LIBRARY = "libc++";
				CLANG_ENABLE_MODULES = YES;
				CLANG_ENABLE_OBJC_ARC = YES;
				CLANG_ENABLE_OBJC_WEAK = YES;
				CLANG_WARN_BLOCK_CAPTURE_AUTORELEASING = YES;
				CLANG_WARN_BOOL_CONVERSION = YES;
				CLANG_WARN_COMMA = YES;
				CLANG_WARN_CONSTANT_CONVERSION = YES;
				CLANG_WARN_DEPRECATED_OBJC_IMPLEMENTATIONS = YES;
				CLANG_WARN_DIRECT_OBJC_ISA_USAGE = YES_ERROR;
				CLANG_WARN_DOCUMENTATION_COMMENTS = YES;
				CLANG_WARN_EMPTY_BODY = YES;
				CLANG_WARN_ENUM_CONVERSION = YES;
				CLANG_WARN_INFINITE_RECURSION = YES;
				CLANG_WARN_INT_CONVERSION = YES;
				CLANG_WARN_NON_LITERAL_NULL_CONVERSION = YES;
				CLANG_WARN_OBJC_IMPLICIT_RETAIN_SELF = YES;
				CLANG_WARN_OBJC_LITERAL_CONVERSION = YES;
				CLANG_WARN_OBJC_ROOT_CLASS = YES_ERROR;
				CLANG_WARN_RANGE_LOOP_ANALYSIS = YES;
				CLANG_WARN_STRICT_PROTOTYPES = YES;
				CLANG_WARN_SUSPICIOUS_MOVE = YES;
				CLANG_WARN_UNGUARDED_AVAILABILITY = YES_AGGRESSIVE;
				CLANG_WARN_UNREACHABLE_CODE = YES;
				CLANG_WARN__DUPLICATE_METHOD_MATCH = YES;
				COPY_PHASE_STRIP = NO;
				DEBUG_INFORMATION_FORMAT = "dwarf-with-dsym";
				ENABLE_NS_ASSERTIONS = NO;
				ENABLE_STRICT_OBJC_MSGSEND = YES;
				GCC_C_LANGUAGE_STANDARD = gnu11;
				GCC_NO_COMMON_BLOCKS = YES;
				GCC_WARN_64_TO_32_BIT_CONVERSION = YES;
				GCC_WARN_ABOUT_RETURN_TYPE = YES_ERROR;
				GCC_WARN_UNDECLARED_SELECTOR = YES;
				GCC_WARN_UNINITIALIZED_AUTOS = YES_AGGRESSIVE;
				GCC_WARN_UNUSED_FUNCTION = YES;
				GCC_WARN_UNUSED_VARIABLE = YES;
				IPHONEOS_DEPLOYMENT_TARGET = 13.5;
				MTL_ENABLE_DEBUG_INFO = NO;
				MTL_FAST_MATH = YES;
				SDKROOT = iphoneos;
				SWIFT_COMPILATION_MODE = wholemodule;
				SWIFT_OPTIMIZATION_LEVEL = "-O";
				VALIDATE_PRODUCT = YES;
			};
			name = Release;
		};
		528F493125BC4F2F0047F12A /* Debug */ = {
			isa = XCBuildConfiguration;
			buildSettings = {
				ASSETCATALOG_COMPILER_APPICON_NAME = AppIcon;
				CODE_SIGN_STYLE = Automatic;
				DEVELOPMENT_TEAM = CC7Z2723D4;
				INFOPLIST_FILE = SecondKadaiApp1/Info.plist;
				LD_RUNPATH_SEARCH_PATHS = (
					"$(inherited)",
					"@executable_path/Frameworks",
				);
				PRODUCT_BUNDLE_IDENTIFIER = jp.techacademy.takuya.matsuhashi.SecondKadaiApp1;
				PRODUCT_NAME = "$(TARGET_NAME)";
				SWIFT_VERSION = 5.0;
				TARGETED_DEVICE_FAMILY = 1;
			};
			name = Debug;
		};
		528F493225BC4F2F0047F12A /* Release */ = {
			isa = XCBuildConfiguration;
			buildSettings = {
				ASSETCATALOG_COMPILER_APPICON_NAME = AppIcon;
				CODE_SIGN_STYLE = Automatic;
				DEVELOPMENT_TEAM = CC7Z2723D4;
				INFOPLIST_FILE = SecondKadaiApp1/Info.plist;
				LD_RUNPATH_SEARCH_PATHS = (
					"$(inherited)",
					"@executable_path/Frameworks",
				);
				PRODUCT_BUNDLE_IDENTIFIER = jp.techacademy.takuya.matsuhashi.SecondKadaiApp1;
				PRODUCT_NAME = "$(TARGET_NAME)";
				SWIFT_VERSION = 5.0;
				TARGETED_DEVICE_FAMILY = 1;
			};
			name = Release;
		};
/* End XCBuildConfiguration section */

/* Begin XCConfigurationList section */
		528F491725BC4F2D0047F12A /* Build configuration list for PBXProject "SecondKadaiApp1" */ = {
			isa = XCConfigurationList;
			buildConfigurations = (
				528F492E25BC4F2F0047F12A /* Debug */,
				528F492F25BC4F2F0047F12A /* Release */,
			);
			defaultConfigurationIsVisible = 0;
			defaultConfigurationName = Release;
		};
		528F493025BC4F2F0047F12A /* Build configuration list for PBXNativeTarget "SecondKadaiApp1" */ = {
			isa = XCConfigurationList;
			buildConfigurations = (
				528F493125BC4F2F0047F12A /* Debug */,
				528F493225BC4F2F0047F12A /* Release */,
			);
			defaultConfigurationIsVisible = 0;
			defaultConfigurationName = Release;
		};
/* End XCConfigurationList section */
	};
	rootObject = 528F491425BC4F2D0047F12A /* Project object */;
}
